// !$*UTF8*$!
{
	archiveVersion = 1;
	classes = {
	};
	objectVersion = 48;
	objects = {

/* Begin PBXBuildFile section */
		692C31CF20776B46005D8C36 /* APIManager.swift in Sources */ = {isa = PBXBuildFile; fileRef = 692C31CE20776B46005D8C36 /* APIManager.swift */; };
		692C31D320776F52005D8C36 /* Contant.swift in Sources */ = {isa = PBXBuildFile; fileRef = 692C31D220776F52005D8C36 /* Contant.swift */; };
		692F499B207A329F00DD4EDE /* UIImageView+ImageLoad.swift in Sources */ = {isa = PBXBuildFile; fileRef = 692F499A207A329F00DD4EDE /* UIImageView+ImageLoad.swift */; };
		69495266207F97E00041F33B /* VideoListRepositoryTests.swift in Sources */ = {isa = PBXBuildFile; fileRef = 69495265207F97E00041F33B /* VideoListRepositoryTests.swift */; };
		696B0EB6207A198900DD5EA8 /* videoList.json in Resources */ = {isa = PBXBuildFile; fileRef = 696B0EB5207A198900DD5EA8 /* videoList.json */; };
		697C281A2078C06F000F437F /* VideoListRepository.swift in Sources */ = {isa = PBXBuildFile; fileRef = 697C28192078C06F000F437F /* VideoListRepository.swift */; };
		698CD72E2077604D002EA7D8 /* AppDelegate.swift in Sources */ = {isa = PBXBuildFile; fileRef = 698CD72D2077604D002EA7D8 /* AppDelegate.swift */; };
		698CD7332077604D002EA7D8 /* Main.storyboard in Resources */ = {isa = PBXBuildFile; fileRef = 698CD7312077604D002EA7D8 /* Main.storyboard */; };
		698CD7352077604D002EA7D8 /* Assets.xcassets in Resources */ = {isa = PBXBuildFile; fileRef = 698CD7342077604D002EA7D8 /* Assets.xcassets */; };
		698CD7382077604D002EA7D8 /* LaunchScreen.storyboard in Resources */ = {isa = PBXBuildFile; fileRef = 698CD7362077604D002EA7D8 /* LaunchScreen.storyboard */; };
		698CD7432077604D002EA7D8 /* DSTableViewTests.swift in Sources */ = {isa = PBXBuildFile; fileRef = 698CD7422077604D002EA7D8 /* DSTableViewTests.swift */; };
		698CD74E2077604D002EA7D8 /* DSTableViewUITests.swift in Sources */ = {isa = PBXBuildFile; fileRef = 698CD74D2077604D002EA7D8 /* DSTableViewUITests.swift */; };
		69D2D38E20787279009F5B95 /* SettingProtocol.swift in Sources */ = {isa = PBXBuildFile; fileRef = 69D2D38720787279009F5B95 /* SettingProtocol.swift */; };
		69D2D38F20787279009F5B95 /* SettingViewController.swift in Sources */ = {isa = PBXBuildFile; fileRef = 69D2D38820787279009F5B95 /* SettingViewController.swift */; };
		69D2D39020787279009F5B95 /* SettingViewModel.swift in Sources */ = {isa = PBXBuildFile; fileRef = 69D2D38920787279009F5B95 /* SettingViewModel.swift */; };
		69D2D39120787279009F5B95 /* VideoListProtocol.swift in Sources */ = {isa = PBXBuildFile; fileRef = 69D2D38B20787279009F5B95 /* VideoListProtocol.swift */; };
		69D2D39220787279009F5B95 /* VideoListViewController.swift in Sources */ = {isa = PBXBuildFile; fileRef = 69D2D38C20787279009F5B95 /* VideoListViewController.swift */; };
		69D2D39320787279009F5B95 /* VideoListViewModel.swift in Sources */ = {isa = PBXBuildFile; fileRef = 69D2D38D20787279009F5B95 /* VideoListViewModel.swift */; };
		69D2D3962078728F009F5B95 /* MemberRepository.swift in Sources */ = {isa = PBXBuildFile; fileRef = 69D2D3952078728F009F5B95 /* MemberRepository.swift */; };
		69D2D39920787298009F5B95 /* VideoListModel.swift in Sources */ = {isa = PBXBuildFile; fileRef = 69D2D39820787298009F5B95 /* VideoListModel.swift */; };
		69D2D39B207873EA009F5B95 /* SettingModel.swift in Sources */ = {isa = PBXBuildFile; fileRef = 69D2D39A207873EA009F5B95 /* SettingModel.swift */; };
		69D2D39E2078774C009F5B95 /* SettingSwitchCell.swift in Sources */ = {isa = PBXBuildFile; fileRef = 69D2D39C2078774C009F5B95 /* SettingSwitchCell.swift */; };
		69D2D39F2078774C009F5B95 /* SettingSwitchCell.xib in Resources */ = {isa = PBXBuildFile; fileRef = 69D2D39D2078774C009F5B95 /* SettingSwitchCell.xib */; };
		69D2D3A22078782D009F5B95 /* UIView+Line.swift in Sources */ = {isa = PBXBuildFile; fileRef = 69D2D3A12078782D009F5B95 /* UIView+Line.swift */; };
		69E7663C207E59B0008D4079 /* MemberRepositoryTests.swift in Sources */ = {isa = PBXBuildFile; fileRef = 69E7663B207E59B0008D4079 /* MemberRepositoryTests.swift */; };
		69E7663E207E5AD2008D4079 /* VideoListViewControllerTests.swift in Sources */ = {isa = PBXBuildFile; fileRef = 69E7663D207E5AD2008D4079 /* VideoListViewControllerTests.swift */; };
		69E76640207E5ECE008D4079 /* SettingViewControllerTests.swift in Sources */ = {isa = PBXBuildFile; fileRef = 69E7663F207E5ECE008D4079 /* SettingViewControllerTests.swift */; };
		69FEC6FB207A247600B4530E /* videoList.json in Resources */ = {isa = PBXBuildFile; fileRef = 696B0EB5207A198900DD5EA8 /* videoList.json */; };
		69FEC6FE207A262A00B4530E /* VideoListCell.swift in Sources */ = {isa = PBXBuildFile; fileRef = 69FEC6FC207A262A00B4530E /* VideoListCell.swift */; };
		69FEC6FF207A262A00B4530E /* VideoListCell.xib in Resources */ = {isa = PBXBuildFile; fileRef = 69FEC6FD207A262A00B4530E /* VideoListCell.xib */; };
		88144AC43C7498FD27D4B4BC /* Pods_DSTableViewTests.framework in Frameworks */ = {isa = PBXBuildFile; fileRef = E3BC741D7640B853E428D20A /* Pods_DSTableViewTests.framework */; };
		9AB0816986ED86DB7AA557EB /* Pods_DSTableViewUITests.framework in Frameworks */ = {isa = PBXBuildFile; fileRef = E89A1687A1A10ADBE6CC4A23 /* Pods_DSTableViewUITests.framework */; };
		BAA95834374F28A6D34AA293 /* Pods_DSTableView.framework in Frameworks */ = {isa = PBXBuildFile; fileRef = 0C03545A8CA4FB8FB93E2391 /* Pods_DSTableView.framework */; };
/* End PBXBuildFile section */

/* Begin PBXContainerItemProxy section */
		698CD73F2077604D002EA7D8 /* PBXContainerItemProxy */ = {
			isa = PBXContainerItemProxy;
			containerPortal = 698CD7222077604D002EA7D8 /* Project object */;
			proxyType = 1;
			remoteGlobalIDString = 698CD7292077604D002EA7D8;
			remoteInfo = DSTableView;
		};
		698CD74A2077604D002EA7D8 /* PBXContainerItemProxy */ = {
			isa = PBXContainerItemProxy;
			containerPortal = 698CD7222077604D002EA7D8 /* Project object */;
			proxyType = 1;
			remoteGlobalIDString = 698CD7292077604D002EA7D8;
			remoteInfo = DSTableView;
		};
/* End PBXContainerItemProxy section */

/* Begin PBXFileReference section */
		0C03545A8CA4FB8FB93E2391 /* Pods_DSTableView.framework */ = {isa = PBXFileReference; explicitFileType = wrapper.framework; includeInIndex = 0; path = Pods_DSTableView.framework; sourceTree = BUILT_PRODUCTS_DIR; };
		540E08461623EABA212C389D /* Pods-DSTableView.release.xcconfig */ = {isa = PBXFileReference; includeInIndex = 1; lastKnownFileType = text.xcconfig; name = "Pods-DSTableView.release.xcconfig"; path = "Pods/Target Support Files/Pods-DSTableView/Pods-DSTableView.release.xcconfig"; sourceTree = "<group>"; };
		587E284D0D77EA174C6D8221 /* Pods-DSTableViewUITests.debug.xcconfig */ = {isa = PBXFileReference; includeInIndex = 1; lastKnownFileType = text.xcconfig; name = "Pods-DSTableViewUITests.debug.xcconfig"; path = "Pods/Target Support Files/Pods-DSTableViewUITests/Pods-DSTableViewUITests.debug.xcconfig"; sourceTree = "<group>"; };
		67A858ADE8D1A7880415B802 /* Pods-DSTableViewTests.release.xcconfig */ = {isa = PBXFileReference; includeInIndex = 1; lastKnownFileType = text.xcconfig; name = "Pods-DSTableViewTests.release.xcconfig"; path = "Pods/Target Support Files/Pods-DSTableViewTests/Pods-DSTableViewTests.release.xcconfig"; sourceTree = "<group>"; };
		692C31CE20776B46005D8C36 /* APIManager.swift */ = {isa = PBXFileReference; lastKnownFileType = sourcecode.swift; path = APIManager.swift; sourceTree = "<group>"; };
		692C31D220776F52005D8C36 /* Contant.swift */ = {isa = PBXFileReference; lastKnownFileType = sourcecode.swift; path = Contant.swift; sourceTree = "<group>"; };
		692F499A207A329F00DD4EDE /* UIImageView+ImageLoad.swift */ = {isa = PBXFileReference; lastKnownFileType = sourcecode.swift; path = "UIImageView+ImageLoad.swift"; sourceTree = "<group>"; };
		69495265207F97E00041F33B /* VideoListRepositoryTests.swift */ = {isa = PBXFileReference; lastKnownFileType = sourcecode.swift; path = VideoListRepositoryTests.swift; sourceTree = "<group>"; };
		696B0EB5207A198900DD5EA8 /* videoList.json */ = {isa = PBXFileReference; lastKnownFileType = text.json; path = videoList.json; sourceTree = "<group>"; };
		697C28192078C06F000F437F /* VideoListRepository.swift */ = {isa = PBXFileReference; lastKnownFileType = sourcecode.swift; path = VideoListRepository.swift; sourceTree = "<group>"; };
		698CD72A2077604D002EA7D8 /* DSTableView.app */ = {isa = PBXFileReference; explicitFileType = wrapper.application; includeInIndex = 0; path = DSTableView.app; sourceTree = BUILT_PRODUCTS_DIR; };
		698CD72D2077604D002EA7D8 /* AppDelegate.swift */ = {isa = PBXFileReference; lastKnownFileType = sourcecode.swift; path = AppDelegate.swift; sourceTree = "<group>"; };
		698CD7322077604D002EA7D8 /* Base */ = {isa = PBXFileReference; lastKnownFileType = file.storyboard; name = Base; path = Base.lproj/Main.storyboard; sourceTree = "<group>"; };
		698CD7342077604D002EA7D8 /* Assets.xcassets */ = {isa = PBXFileReference; lastKnownFileType = folder.assetcatalog; path = Assets.xcassets; sourceTree = "<group>"; };
		698CD7372077604D002EA7D8 /* Base */ = {isa = PBXFileReference; lastKnownFileType = file.storyboard; name = Base; path = Base.lproj/LaunchScreen.storyboard; sourceTree = "<group>"; };
		698CD7392077604D002EA7D8 /* Info.plist */ = {isa = PBXFileReference; lastKnownFileType = text.plist.xml; path = Info.plist; sourceTree = "<group>"; };
		698CD73E2077604D002EA7D8 /* DSTableViewTests.xctest */ = {isa = PBXFileReference; explicitFileType = wrapper.cfbundle; includeInIndex = 0; path = DSTableViewTests.xctest; sourceTree = BUILT_PRODUCTS_DIR; };
		698CD7422077604D002EA7D8 /* DSTableViewTests.swift */ = {isa = PBXFileReference; lastKnownFileType = sourcecode.swift; path = DSTableViewTests.swift; sourceTree = "<group>"; };
		698CD7442077604D002EA7D8 /* Info.plist */ = {isa = PBXFileReference; lastKnownFileType = text.plist.xml; path = Info.plist; sourceTree = "<group>"; };
		698CD7492077604D002EA7D8 /* DSTableViewUITests.xctest */ = {isa = PBXFileReference; explicitFileType = wrapper.cfbundle; includeInIndex = 0; path = DSTableViewUITests.xctest; sourceTree = BUILT_PRODUCTS_DIR; };
		698CD74D2077604D002EA7D8 /* DSTableViewUITests.swift */ = {isa = PBXFileReference; lastKnownFileType = sourcecode.swift; path = DSTableViewUITests.swift; sourceTree = "<group>"; };
		698CD74F2077604D002EA7D8 /* Info.plist */ = {isa = PBXFileReference; lastKnownFileType = text.plist.xml; path = Info.plist; sourceTree = "<group>"; };
		69D2D38720787279009F5B95 /* SettingProtocol.swift */ = {isa = PBXFileReference; fileEncoding = 4; lastKnownFileType = sourcecode.swift; path = SettingProtocol.swift; sourceTree = "<group>"; };
		69D2D38820787279009F5B95 /* SettingViewController.swift */ = {isa = PBXFileReference; fileEncoding = 4; lastKnownFileType = sourcecode.swift; path = SettingViewController.swift; sourceTree = "<group>"; };
		69D2D38920787279009F5B95 /* SettingViewModel.swift */ = {isa = PBXFileReference; fileEncoding = 4; lastKnownFileType = sourcecode.swift; path = SettingViewModel.swift; sourceTree = "<group>"; };
		69D2D38B20787279009F5B95 /* VideoListProtocol.swift */ = {isa = PBXFileReference; fileEncoding = 4; lastKnownFileType = sourcecode.swift; path = VideoListProtocol.swift; sourceTree = "<group>"; };
		69D2D38C20787279009F5B95 /* VideoListViewController.swift */ = {isa = PBXFileReference; fileEncoding = 4; lastKnownFileType = sourcecode.swift; path = VideoListViewController.swift; sourceTree = "<group>"; };
		69D2D38D20787279009F5B95 /* VideoListViewModel.swift */ = {isa = PBXFileReference; fileEncoding = 4; lastKnownFileType = sourcecode.swift; path = VideoListViewModel.swift; sourceTree = "<group>"; };
		69D2D3952078728F009F5B95 /* MemberRepository.swift */ = {isa = PBXFileReference; fileEncoding = 4; lastKnownFileType = sourcecode.swift; path = MemberRepository.swift; sourceTree = "<group>"; };
		69D2D39820787298009F5B95 /* VideoListModel.swift */ = {isa = PBXFileReference; fileEncoding = 4; lastKnownFileType = sourcecode.swift; path = VideoListModel.swift; sourceTree = "<group>"; };
		69D2D39A207873EA009F5B95 /* SettingModel.swift */ = {isa = PBXFileReference; lastKnownFileType = sourcecode.swift; path = SettingModel.swift; sourceTree = "<group>"; };
		69D2D39C2078774C009F5B95 /* SettingSwitchCell.swift */ = {isa = PBXFileReference; lastKnownFileType = sourcecode.swift; path = SettingSwitchCell.swift; sourceTree = "<group>"; };
		69D2D39D2078774C009F5B95 /* SettingSwitchCell.xib */ = {isa = PBXFileReference; lastKnownFileType = file.xib; path = SettingSwitchCell.xib; sourceTree = "<group>"; };
		69D2D3A12078782D009F5B95 /* UIView+Line.swift */ = {isa = PBXFileReference; lastKnownFileType = sourcecode.swift; path = "UIView+Line.swift"; sourceTree = "<group>"; };
		69E7663B207E59B0008D4079 /* MemberRepositoryTests.swift */ = {isa = PBXFileReference; lastKnownFileType = sourcecode.swift; path = MemberRepositoryTests.swift; sourceTree = "<group>"; };
		69E7663D207E5AD2008D4079 /* VideoListViewControllerTests.swift */ = {isa = PBXFileReference; lastKnownFileType = sourcecode.swift; path = VideoListViewControllerTests.swift; sourceTree = "<group>"; };
		69E7663F207E5ECE008D4079 /* SettingViewControllerTests.swift */ = {isa = PBXFileReference; lastKnownFileType = sourcecode.swift; path = SettingViewControllerTests.swift; sourceTree = "<group>"; };
		69FEC6FC207A262A00B4530E /* VideoListCell.swift */ = {isa = PBXFileReference; lastKnownFileType = sourcecode.swift; path = VideoListCell.swift; sourceTree = "<group>"; };
		69FEC6FD207A262A00B4530E /* VideoListCell.xib */ = {isa = PBXFileReference; lastKnownFileType = file.xib; path = VideoListCell.xib; sourceTree = "<group>"; };
		7A3C7C78B4A6AFD67EC88359 /* Pods-DSTableView.debug.xcconfig */ = {isa = PBXFileReference; includeInIndex = 1; lastKnownFileType = text.xcconfig; name = "Pods-DSTableView.debug.xcconfig"; path = "Pods/Target Support Files/Pods-DSTableView/Pods-DSTableView.debug.xcconfig"; sourceTree = "<group>"; };
		96F71FAD51C7D6C0A7058784 /* Pods-DSTableViewUITests.release.xcconfig */ = {isa = PBXFileReference; includeInIndex = 1; lastKnownFileType = text.xcconfig; name = "Pods-DSTableViewUITests.release.xcconfig"; path = "Pods/Target Support Files/Pods-DSTableViewUITests/Pods-DSTableViewUITests.release.xcconfig"; sourceTree = "<group>"; };
		9715AE86E7805E8856D36680 /* Pods-DSTableViewTests.debug.xcconfig */ = {isa = PBXFileReference; includeInIndex = 1; lastKnownFileType = text.xcconfig; name = "Pods-DSTableViewTests.debug.xcconfig"; path = "Pods/Target Support Files/Pods-DSTableViewTests/Pods-DSTableViewTests.debug.xcconfig"; sourceTree = "<group>"; };
		E3BC741D7640B853E428D20A /* Pods_DSTableViewTests.framework */ = {isa = PBXFileReference; explicitFileType = wrapper.framework; includeInIndex = 0; path = Pods_DSTableViewTests.framework; sourceTree = BUILT_PRODUCTS_DIR; };
		E89A1687A1A10ADBE6CC4A23 /* Pods_DSTableViewUITests.framework */ = {isa = PBXFileReference; explicitFileType = wrapper.framework; includeInIndex = 0; path = Pods_DSTableViewUITests.framework; sourceTree = BUILT_PRODUCTS_DIR; };
/* End PBXFileReference section */

/* Begin PBXFrameworksBuildPhase section */
		698CD7272077604D002EA7D8 /* Frameworks */ = {
			isa = PBXFrameworksBuildPhase;
			buildActionMask = 2147483647;
			files = (
				BAA95834374F28A6D34AA293 /* Pods_DSTableView.framework in Frameworks */,
			);
			runOnlyForDeploymentPostprocessing = 0;
		};
		698CD73B2077604D002EA7D8 /* Frameworks */ = {
			isa = PBXFrameworksBuildPhase;
			buildActionMask = 2147483647;
			files = (
				88144AC43C7498FD27D4B4BC /* Pods_DSTableViewTests.framework in Frameworks */,
			);
			runOnlyForDeploymentPostprocessing = 0;
		};
		698CD7462077604D002EA7D8 /* Frameworks */ = {
			isa = PBXFrameworksBuildPhase;
			buildActionMask = 2147483647;
			files = (
				9AB0816986ED86DB7AA557EB /* Pods_DSTableViewUITests.framework in Frameworks */,
			);
			runOnlyForDeploymentPostprocessing = 0;
		};
/* End PBXFrameworksBuildPhase section */

/* Begin PBXGroup section */
		5A0B2F9AA17FB4DEC28F96C4 /* Frameworks */ = {
			isa = PBXGroup;
			children = (
				E3BC741D7640B853E428D20A /* Pods_DSTableViewTests.framework */,
				E89A1687A1A10ADBE6CC4A23 /* Pods_DSTableViewUITests.framework */,
				0C03545A8CA4FB8FB93E2391 /* Pods_DSTableView.framework */,
			);
			name = Frameworks;
			sourceTree = "<group>";
		};
		692C31CD20776B2E005D8C36 /* Manager */ = {
			isa = PBXGroup;
			children = (
				692C31CE20776B46005D8C36 /* APIManager.swift */,
			);
			path = Manager;
			sourceTree = "<group>";
		};
		692C31D020776B7E005D8C36 /* Cell */ = {
			isa = PBXGroup;
			children = (
				69FEC6FC207A262A00B4530E /* VideoListCell.swift */,
				69FEC6FD207A262A00B4530E /* VideoListCell.xib */,
				69D2D39C2078774C009F5B95 /* SettingSwitchCell.swift */,
				69D2D39D2078774C009F5B95 /* SettingSwitchCell.xib */,
			);
			path = Cell;
			sourceTree = "<group>";
		};
		692C31D120776F3A005D8C36 /* Base */ = {
			isa = PBXGroup;
			children = (
				692C31D220776F52005D8C36 /* Contant.swift */,
			);
			path = Base;
			sourceTree = "<group>";
		};
		696B0EB4207A196400DD5EA8 /* TestJSON */ = {
			isa = PBXGroup;
			children = (
				696B0EB5207A198900DD5EA8 /* videoList.json */,
			);
			path = TestJSON;
			sourceTree = "<group>";
		};
		698CD7212077604D002EA7D8 = {
			isa = PBXGroup;
			children = (
				698CD72C2077604D002EA7D8 /* DSTableView */,
				698CD7412077604D002EA7D8 /* DSTableViewTests */,
				698CD74C2077604D002EA7D8 /* DSTableViewUITests */,
				698CD72B2077604D002EA7D8 /* Products */,
				9BD97B83207F0017F3838D95 /* Pods */,
				5A0B2F9AA17FB4DEC28F96C4 /* Frameworks */,
			);
			sourceTree = "<group>";
		};
		698CD72B2077604D002EA7D8 /* Products */ = {
			isa = PBXGroup;
			children = (
				698CD72A2077604D002EA7D8 /* DSTableView.app */,
				698CD73E2077604D002EA7D8 /* DSTableViewTests.xctest */,
				698CD7492077604D002EA7D8 /* DSTableViewUITests.xctest */,
			);
			name = Products;
			sourceTree = "<group>";
		};
		698CD72C2077604D002EA7D8 /* DSTableView */ = {
			isa = PBXGroup;
			children = (
				698CD72D2077604D002EA7D8 /* AppDelegate.swift */,
				692C31D120776F3A005D8C36 /* Base */,
				69D2D38520787279009F5B95 /* ViewController */,
				69D2D3942078728F009F5B95 /* Repository */,
				692C31CD20776B2E005D8C36 /* Manager */,
				69D2D39720787298009F5B95 /* Model */,
				692C31D020776B7E005D8C36 /* Cell */,
				69D2D3A020787819009F5B95 /* Extension */,
				696B0EB4207A196400DD5EA8 /* TestJSON */,
				698CD7312077604D002EA7D8 /* Main.storyboard */,
				698CD7342077604D002EA7D8 /* Assets.xcassets */,
				698CD7362077604D002EA7D8 /* LaunchScreen.storyboard */,
				698CD7392077604D002EA7D8 /* Info.plist */,
			);
			path = DSTableView;
			sourceTree = "<group>";
		};
		698CD7412077604D002EA7D8 /* DSTableViewTests */ = {
			isa = PBXGroup;
			children = (
				698CD7422077604D002EA7D8 /* DSTableViewTests.swift */,
				69E7663D207E5AD2008D4079 /* VideoListViewControllerTests.swift */,
				69E7663F207E5ECE008D4079 /* SettingViewControllerTests.swift */,
				69495265207F97E00041F33B /* VideoListRepositoryTests.swift */,
				69E7663B207E59B0008D4079 /* MemberRepositoryTests.swift */,
				698CD7442077604D002EA7D8 /* Info.plist */,
			);
			path = DSTableViewTests;
			sourceTree = "<group>";
		};
		698CD74C2077604D002EA7D8 /* DSTableViewUITests */ = {
			isa = PBXGroup;
			children = (
				698CD74D2077604D002EA7D8 /* DSTableViewUITests.swift */,
				698CD74F2077604D002EA7D8 /* Info.plist */,
			);
			path = DSTableViewUITests;
			sourceTree = "<group>";
		};
		69D2D38520787279009F5B95 /* ViewController */ = {
			isa = PBXGroup;
			children = (
				69D2D38A20787279009F5B95 /* VideoList */,
				69D2D38620787279009F5B95 /* Setting */,
			);
			path = ViewController;
			sourceTree = "<group>";
		};
		69D2D38620787279009F5B95 /* Setting */ = {
			isa = PBXGroup;
			children = (
				69D2D38720787279009F5B95 /* SettingProtocol.swift */,
				69D2D38820787279009F5B95 /* SettingViewController.swift */,
				69D2D38920787279009F5B95 /* SettingViewModel.swift */,
			);
			path = Setting;
			sourceTree = "<group>";
		};
		69D2D38A20787279009F5B95 /* VideoList */ = {
			isa = PBXGroup;
			children = (
				69D2D38B20787279009F5B95 /* VideoListProtocol.swift */,
				69D2D38C20787279009F5B95 /* VideoListViewController.swift */,
				69D2D38D20787279009F5B95 /* VideoListViewModel.swift */,
			);
			path = VideoList;
			sourceTree = "<group>";
		};
		69D2D3942078728F009F5B95 /* Repository */ = {
			isa = PBXGroup;
			children = (
				697C28192078C06F000F437F /* VideoListRepository.swift */,
				69D2D3952078728F009F5B95 /* MemberRepository.swift */,
			);
			path = Repository;
			sourceTree = "<group>";
		};
		69D2D39720787298009F5B95 /* Model */ = {
			isa = PBXGroup;
			children = (
				69D2D39820787298009F5B95 /* VideoListModel.swift */,
				69D2D39A207873EA009F5B95 /* SettingModel.swift */,
			);
			path = Model;
			sourceTree = "<group>";
		};
		69D2D3A020787819009F5B95 /* Extension */ = {
			isa = PBXGroup;
			children = (
				69D2D3A12078782D009F5B95 /* UIView+Line.swift */,
				692F499A207A329F00DD4EDE /* UIImageView+ImageLoad.swift */,
			);
			path = Extension;
			sourceTree = "<group>";
		};
		9BD97B83207F0017F3838D95 /* Pods */ = {
			isa = PBXGroup;
			children = (
				7A3C7C78B4A6AFD67EC88359 /* Pods-DSTableView.debug.xcconfig */,
				540E08461623EABA212C389D /* Pods-DSTableView.release.xcconfig */,
				9715AE86E7805E8856D36680 /* Pods-DSTableViewTests.debug.xcconfig */,
				67A858ADE8D1A7880415B802 /* Pods-DSTableViewTests.release.xcconfig */,
				587E284D0D77EA174C6D8221 /* Pods-DSTableViewUITests.debug.xcconfig */,
				96F71FAD51C7D6C0A7058784 /* Pods-DSTableViewUITests.release.xcconfig */,
			);
			name = Pods;
			sourceTree = "<group>";
		};
/* End PBXGroup section */

/* Begin PBXNativeTarget section */
		698CD7292077604D002EA7D8 /* DSTableView */ = {
			isa = PBXNativeTarget;
			buildConfigurationList = 698CD7522077604D002EA7D8 /* Build configuration list for PBXNativeTarget "DSTableView" */;
			buildPhases = (
				020E7BB357C4B315215908A5 /* [CP] Check Pods Manifest.lock */,
				698CD7262077604D002EA7D8 /* Sources */,
				698CD7272077604D002EA7D8 /* Frameworks */,
				698CD7282077604D002EA7D8 /* Resources */,
				2AC7ABD99AF5CBEC538F1F10 /* [CP] Embed Pods Frameworks */,
				13A65EA86DB1CFEF2908EDA6 /* [CP] Copy Pods Resources */,
			);
			buildRules = (
			);
			dependencies = (
			);
			name = DSTableView;
			productName = DSTableView;
			productReference = 698CD72A2077604D002EA7D8 /* DSTableView.app */;
			productType = "com.apple.product-type.application";
		};
		698CD73D2077604D002EA7D8 /* DSTableViewTests */ = {
			isa = PBXNativeTarget;
			buildConfigurationList = 698CD7552077604D002EA7D8 /* Build configuration list for PBXNativeTarget "DSTableViewTests" */;
			buildPhases = (
				844D101CA740D48A7C94055F /* [CP] Check Pods Manifest.lock */,
				698CD73A2077604D002EA7D8 /* Sources */,
				698CD73B2077604D002EA7D8 /* Frameworks */,
				698CD73C2077604D002EA7D8 /* Resources */,
				5D47BB05FC395F07CB1DB03D /* [CP] Embed Pods Frameworks */,
				97E86FC7EADF87AC2245D855 /* [CP] Copy Pods Resources */,
			);
			buildRules = (
			);
			dependencies = (
				698CD7402077604D002EA7D8 /* PBXTargetDependency */,
			);
			name = DSTableViewTests;
			productName = DSTableViewTests;
			productReference = 698CD73E2077604D002EA7D8 /* DSTableViewTests.xctest */;
			productType = "com.apple.product-type.bundle.unit-test";
		};
		698CD7482077604D002EA7D8 /* DSTableViewUITests */ = {
			isa = PBXNativeTarget;
			buildConfigurationList = 698CD7582077604D002EA7D8 /* Build configuration list for PBXNativeTarget "DSTableViewUITests" */;
			buildPhases = (
				23EA7950EBCF48DBEA3B614F /* [CP] Check Pods Manifest.lock */,
				698CD7452077604D002EA7D8 /* Sources */,
				698CD7462077604D002EA7D8 /* Frameworks */,
				698CD7472077604D002EA7D8 /* Resources */,
				6054F8799445E34A90433E97 /* [CP] Embed Pods Frameworks */,
				8ABDD0A39FDA4A64CFAB73E1 /* [CP] Copy Pods Resources */,
			);
			buildRules = (
			);
			dependencies = (
				698CD74B2077604D002EA7D8 /* PBXTargetDependency */,
			);
			name = DSTableViewUITests;
			productName = DSTableViewUITests;
			productReference = 698CD7492077604D002EA7D8 /* DSTableViewUITests.xctest */;
			productType = "com.apple.product-type.bundle.ui-testing";
		};
/* End PBXNativeTarget section */

/* Begin PBXProject section */
		698CD7222077604D002EA7D8 /* Project object */ = {
			isa = PBXProject;
			attributes = {
				LastSwiftUpdateCheck = 0920;
				LastUpgradeCheck = 0920;
				ORGANIZATIONNAME = ettoday;
				TargetAttributes = {
					698CD7292077604D002EA7D8 = {
						CreatedOnToolsVersion = 9.2;
						ProvisioningStyle = Automatic;
					};
					698CD73D2077604D002EA7D8 = {
						CreatedOnToolsVersion = 9.2;
						ProvisioningStyle = Automatic;
						TestTargetID = 698CD7292077604D002EA7D8;
					};
					698CD7482077604D002EA7D8 = {
						CreatedOnToolsVersion = 9.2;
						ProvisioningStyle = Automatic;
						TestTargetID = 698CD7292077604D002EA7D8;
					};
				};
			};
			buildConfigurationList = 698CD7252077604D002EA7D8 /* Build configuration list for PBXProject "DSTableView" */;
			compatibilityVersion = "Xcode 8.0";
			developmentRegion = en;
			hasScannedForEncodings = 0;
			knownRegions = (
				en,
				Base,
			);
			mainGroup = 698CD7212077604D002EA7D8;
			productRefGroup = 698CD72B2077604D002EA7D8 /* Products */;
			projectDirPath = "";
			projectRoot = "";
			targets = (
				698CD7292077604D002EA7D8 /* DSTableView */,
				698CD73D2077604D002EA7D8 /* DSTableViewTests */,
				698CD7482077604D002EA7D8 /* DSTableViewUITests */,
			);
		};
/* End PBXProject section */

/* Begin PBXResourcesBuildPhase section */
		698CD7282077604D002EA7D8 /* Resources */ = {
			isa = PBXResourcesBuildPhase;
			buildActionMask = 2147483647;
			files = (
				698CD7382077604D002EA7D8 /* LaunchScreen.storyboard in Resources */,
				698CD7352077604D002EA7D8 /* Assets.xcassets in Resources */,
				696B0EB6207A198900DD5EA8 /* videoList.json in Resources */,
				69FEC6FF207A262A00B4530E /* VideoListCell.xib in Resources */,
				69D2D39F2078774C009F5B95 /* SettingSwitchCell.xib in Resources */,
				698CD7332077604D002EA7D8 /* Main.storyboard in Resources */,
			);
			runOnlyForDeploymentPostprocessing = 0;
		};
		698CD73C2077604D002EA7D8 /* Resources */ = {
			isa = PBXResourcesBuildPhase;
			buildActionMask = 2147483647;
			files = (
				69FEC6FB207A247600B4530E /* videoList.json in Resources */,
			);
			runOnlyForDeploymentPostprocessing = 0;
		};
		698CD7472077604D002EA7D8 /* Resources */ = {
			isa = PBXResourcesBuildPhase;
			buildActionMask = 2147483647;
			files = (
			);
			runOnlyForDeploymentPostprocessing = 0;
		};
/* End PBXResourcesBuildPhase section */

/* Begin PBXShellScriptBuildPhase section */
		020E7BB357C4B315215908A5 /* [CP] Check Pods Manifest.lock */ = {
			isa = PBXShellScriptBuildPhase;
			buildActionMask = 2147483647;
			files = (
			);
			inputPaths = (
				"${PODS_PODFILE_DIR_PATH}/Podfile.lock",
				"${PODS_ROOT}/Manifest.lock",
			);
			name = "[CP] Check Pods Manifest.lock";
			outputPaths = (
				"$(DERIVED_FILE_DIR)/Pods-DSTableView-checkManifestLockResult.txt",
			);
			runOnlyForDeploymentPostprocessing = 0;
			shellPath = /bin/sh;
			shellScript = "diff \"${PODS_PODFILE_DIR_PATH}/Podfile.lock\" \"${PODS_ROOT}/Manifest.lock\" > /dev/null\nif [ $? != 0 ] ; then\n    # print error to STDERR\n    echo \"error: The sandbox is not in sync with the Podfile.lock. Run 'pod install' or update your CocoaPods installation.\" >&2\n    exit 1\nfi\n# This output is used by Xcode 'outputs' to avoid re-running this script phase.\necho \"SUCCESS\" > \"${SCRIPT_OUTPUT_FILE_0}\"\n";
			showEnvVarsInLog = 0;
		};
		13A65EA86DB1CFEF2908EDA6 /* [CP] Copy Pods Resources */ = {
			isa = PBXShellScriptBuildPhase;
			buildActionMask = 2147483647;
			files = (
			);
			inputPaths = (
			);
			name = "[CP] Copy Pods Resources";
			outputPaths = (
			);
			runOnlyForDeploymentPostprocessing = 0;
			shellPath = /bin/sh;
			shellScript = "\"${SRCROOT}/Pods/Target Support Files/Pods-DSTableView/Pods-DSTableView-resources.sh\"\n";
			showEnvVarsInLog = 0;
		};
		23EA7950EBCF48DBEA3B614F /* [CP] Check Pods Manifest.lock */ = {
			isa = PBXShellScriptBuildPhase;
			buildActionMask = 2147483647;
			files = (
			);
			inputPaths = (
				"${PODS_PODFILE_DIR_PATH}/Podfile.lock",
				"${PODS_ROOT}/Manifest.lock",
			);
			name = "[CP] Check Pods Manifest.lock";
			outputPaths = (
				"$(DERIVED_FILE_DIR)/Pods-DSTableViewUITests-checkManifestLockResult.txt",
			);
			runOnlyForDeploymentPostprocessing = 0;
			shellPath = /bin/sh;
			shellScript = "diff \"${PODS_PODFILE_DIR_PATH}/Podfile.lock\" \"${PODS_ROOT}/Manifest.lock\" > /dev/null\nif [ $? != 0 ] ; then\n    # print error to STDERR\n    echo \"error: The sandbox is not in sync with the Podfile.lock. Run 'pod install' or update your CocoaPods installation.\" >&2\n    exit 1\nfi\n# This output is used by Xcode 'outputs' to avoid re-running this script phase.\necho \"SUCCESS\" > \"${SCRIPT_OUTPUT_FILE_0}\"\n";
			showEnvVarsInLog = 0;
		};
		2AC7ABD99AF5CBEC538F1F10 /* [CP] Embed Pods Frameworks */ = {
			isa = PBXShellScriptBuildPhase;
			buildActionMask = 2147483647;
			files = (
			);
			inputPaths = (
				"${SRCROOT}/Pods/Target Support Files/Pods-DSTableView/Pods-DSTableView-frameworks.sh",
				"${BUILT_PRODUCTS_DIR}/Alamofire/Alamofire.framework",
				"${BUILT_PRODUCTS_DIR}/Kingfisher/Kingfisher.framework",
				"${BUILT_PRODUCTS_DIR}/RxCocoa/RxCocoa.framework",
				"${BUILT_PRODUCTS_DIR}/RxSwift/RxSwift.framework",
				"${BUILT_PRODUCTS_DIR}/SwiftyJSON/SwiftyJSON.framework",
			);
			name = "[CP] Embed Pods Frameworks";
			outputPaths = (
				"${TARGET_BUILD_DIR}/${FRAMEWORKS_FOLDER_PATH}/Alamofire.framework",
				"${TARGET_BUILD_DIR}/${FRAMEWORKS_FOLDER_PATH}/Kingfisher.framework",
				"${TARGET_BUILD_DIR}/${FRAMEWORKS_FOLDER_PATH}/RxCocoa.framework",
				"${TARGET_BUILD_DIR}/${FRAMEWORKS_FOLDER_PATH}/RxSwift.framework",
				"${TARGET_BUILD_DIR}/${FRAMEWORKS_FOLDER_PATH}/SwiftyJSON.framework",
			);
			runOnlyForDeploymentPostprocessing = 0;
			shellPath = /bin/sh;
			shellScript = "\"${SRCROOT}/Pods/Target Support Files/Pods-DSTableView/Pods-DSTableView-frameworks.sh\"\n";
			showEnvVarsInLog = 0;
		};
		5D47BB05FC395F07CB1DB03D /* [CP] Embed Pods Frameworks */ = {
			isa = PBXShellScriptBuildPhase;
			buildActionMask = 2147483647;
			files = (
			);
			inputPaths = (
				"${SRCROOT}/Pods/Target Support Files/Pods-DSTableViewTests/Pods-DSTableViewTests-frameworks.sh",
				"${BUILT_PRODUCTS_DIR}/Nimble/Nimble.framework",
				"${BUILT_PRODUCTS_DIR}/Quick/Quick.framework",
			);
			name = "[CP] Embed Pods Frameworks";
			outputPaths = (
				"${TARGET_BUILD_DIR}/${FRAMEWORKS_FOLDER_PATH}/Nimble.framework",
				"${TARGET_BUILD_DIR}/${FRAMEWORKS_FOLDER_PATH}/Quick.framework",
			);
			runOnlyForDeploymentPostprocessing = 0;
			shellPath = /bin/sh;
			shellScript = "\"${SRCROOT}/Pods/Target Support Files/Pods-DSTableViewTests/Pods-DSTableViewTests-frameworks.sh\"\n";
			showEnvVarsInLog = 0;
		};
		6054F8799445E34A90433E97 /* [CP] Embed Pods Frameworks */ = {
			isa = PBXShellScriptBuildPhase;
			buildActionMask = 2147483647;
			files = (
			);
			inputPaths = (
			);
			name = "[CP] Embed Pods Frameworks";
			outputPaths = (
			);
			runOnlyForDeploymentPostprocessing = 0;
			shellPath = /bin/sh;
			shellScript = "\"${SRCROOT}/Pods/Target Support Files/Pods-DSTableViewUITests/Pods-DSTableViewUITests-frameworks.sh\"\n";
			showEnvVarsInLog = 0;
		};
		844D101CA740D48A7C94055F /* [CP] Check Pods Manifest.lock */ = {
			isa = PBXShellScriptBuildPhase;
			buildActionMask = 2147483647;
			files = (
			);
			inputPaths = (
				"${PODS_PODFILE_DIR_PATH}/Podfile.lock",
				"${PODS_ROOT}/Manifest.lock",
			);
			name = "[CP] Check Pods Manifest.lock";
			outputPaths = (
				"$(DERIVED_FILE_DIR)/Pods-DSTableViewTests-checkManifestLockResult.txt",
			);
			runOnlyForDeploymentPostprocessing = 0;
			shellPath = /bin/sh;
			shellScript = "diff \"${PODS_PODFILE_DIR_PATH}/Podfile.lock\" \"${PODS_ROOT}/Manifest.lock\" > /dev/null\nif [ $? != 0 ] ; then\n    # print error to STDERR\n    echo \"error: The sandbox is not in sync with the Podfile.lock. Run 'pod install' or update your CocoaPods installation.\" >&2\n    exit 1\nfi\n# This output is used by Xcode 'outputs' to avoid re-running this script phase.\necho \"SUCCESS\" > \"${SCRIPT_OUTPUT_FILE_0}\"\n";
			showEnvVarsInLog = 0;
		};
		8ABDD0A39FDA4A64CFAB73E1 /* [CP] Copy Pods Resources */ = {
			isa = PBXShellScriptBuildPhase;
			buildActionMask = 2147483647;
			files = (
			);
			inputPaths = (
			);
			name = "[CP] Copy Pods Resources";
			outputPaths = (
			);
			runOnlyForDeploymentPostprocessing = 0;
			shellPath = /bin/sh;
			shellScript = "\"${SRCROOT}/Pods/Target Support Files/Pods-DSTableViewUITests/Pods-DSTableViewUITests-resources.sh\"\n";
			showEnvVarsInLog = 0;
		};
		97E86FC7EADF87AC2245D855 /* [CP] Copy Pods Resources */ = {
			isa = PBXShellScriptBuildPhase;
			buildActionMask = 2147483647;
			files = (
			);
			inputPaths = (
			);
			name = "[CP] Copy Pods Resources";
			outputPaths = (
			);
			runOnlyForDeploymentPostprocessing = 0;
			shellPath = /bin/sh;
			shellScript = "\"${SRCROOT}/Pods/Target Support Files/Pods-DSTableViewTests/Pods-DSTableViewTests-resources.sh\"\n";
			showEnvVarsInLog = 0;
		};
/* End PBXShellScriptBuildPhase section */

/* Begin PBXSourcesBuildPhase section */
		698CD7262077604D002EA7D8 /* Sources */ = {
			isa = PBXSourcesBuildPhase;
			buildActionMask = 2147483647;
			files = (
				69D2D39320787279009F5B95 /* VideoListViewModel.swift in Sources */,
				69FEC6FE207A262A00B4530E /* VideoListCell.swift in Sources */,
				69D2D39020787279009F5B95 /* SettingViewModel.swift in Sources */,
				692C31CF20776B46005D8C36 /* APIManager.swift in Sources */,
				69D2D38F20787279009F5B95 /* SettingViewController.swift in Sources */,
				69D2D3962078728F009F5B95 /* MemberRepository.swift in Sources */,
				698CD72E2077604D002EA7D8 /* AppDelegate.swift in Sources */,
				692F499B207A329F00DD4EDE /* UIImageView+ImageLoad.swift in Sources */,
				69D2D39220787279009F5B95 /* VideoListViewController.swift in Sources */,
				69D2D38E20787279009F5B95 /* SettingProtocol.swift in Sources */,
				697C281A2078C06F000F437F /* VideoListRepository.swift in Sources */,
				69D2D39B207873EA009F5B95 /* SettingModel.swift in Sources */,
				69D2D39920787298009F5B95 /* VideoListModel.swift in Sources */,
				69D2D3A22078782D009F5B95 /* UIView+Line.swift in Sources */,
				69D2D39E2078774C009F5B95 /* SettingSwitchCell.swift in Sources */,
				69D2D39120787279009F5B95 /* VideoListProtocol.swift in Sources */,
				692C31D320776F52005D8C36 /* Contant.swift in Sources */,
			);
			runOnlyForDeploymentPostprocessing = 0;
		};
		698CD73A2077604D002EA7D8 /* Sources */ = {
			isa = PBXSourcesBuildPhase;
			buildActionMask = 2147483647;
			files = (
				698CD7432077604D002EA7D8 /* DSTableViewTests.swift in Sources */,
				69495266207F97E00041F33B /* VideoListRepositoryTests.swift in Sources */,
				69E7663E207E5AD2008D4079 /* VideoListViewControllerTests.swift in Sources */,
				69E76640207E5ECE008D4079 /* SettingViewControllerTests.swift in Sources */,
				69E7663C207E59B0008D4079 /* MemberRepositoryTests.swift in Sources */,
			);
			runOnlyForDeploymentPostprocessing = 0;
		};
		698CD7452077604D002EA7D8 /* Sources */ = {
			isa = PBXSourcesBuildPhase;
			buildActionMask = 2147483647;
			files = (
				698CD74E2077604D002EA7D8 /* DSTableViewUITests.swift in Sources */,
			);
			runOnlyForDeploymentPostprocessing = 0;
		};
/* End PBXSourcesBuildPhase section */

/* Begin PBXTargetDependency section */
		698CD7402077604D002EA7D8 /* PBXTargetDependency */ = {
			isa = PBXTargetDependency;
			target = 698CD7292077604D002EA7D8 /* DSTableView */;
			targetProxy = 698CD73F2077604D002EA7D8 /* PBXContainerItemProxy */;
		};
		698CD74B2077604D002EA7D8 /* PBXTargetDependency */ = {
			isa = PBXTargetDependency;
			target = 698CD7292077604D002EA7D8 /* DSTableView */;
			targetProxy = 698CD74A2077604D002EA7D8 /* PBXContainerItemProxy */;
		};
/* End PBXTargetDependency section */

/* Begin PBXVariantGroup section */
		698CD7312077604D002EA7D8 /* Main.storyboard */ = {
			isa = PBXVariantGroup;
			children = (
				698CD7322077604D002EA7D8 /* Base */,
			);
			name = Main.storyboard;
			sourceTree = "<group>";
		};
		698CD7362077604D002EA7D8 /* LaunchScreen.storyboard */ = {
			isa = PBXVariantGroup;
			children = (
				698CD7372077604D002EA7D8 /* Base */,
			);
			name = LaunchScreen.storyboard;
			sourceTree = "<group>";
		};
/* End PBXVariantGroup section */

/* Begin XCBuildConfiguration section */
		698CD7502077604D002EA7D8 /* Debug */ = {
			isa = XCBuildConfiguration;
			buildSettings = {
				ALWAYS_SEARCH_USER_PATHS = NO;
				CLANG_ANALYZER_NONNULL = YES;
				CLANG_ANALYZER_NUMBER_OBJECT_CONVERSION = YES_AGGRESSIVE;
				CLANG_CXX_LANGUAGE_STANDARD = "gnu++14";
				CLANG_CXX_LIBRARY = "libc++";
				CLANG_ENABLE_MODULES = YES;
				CLANG_ENABLE_OBJC_ARC = YES;
				CLANG_WARN_BLOCK_CAPTURE_AUTORELEASING = YES;
				CLANG_WARN_BOOL_CONVERSION = YES;
				CLANG_WARN_COMMA = YES;
				CLANG_WARN_CONSTANT_CONVERSION = YES;
				CLANG_WARN_DIRECT_OBJC_ISA_USAGE = YES_ERROR;
				CLANG_WARN_DOCUMENTATION_COMMENTS = YES;
				CLANG_WARN_EMPTY_BODY = YES;
				CLANG_WARN_ENUM_CONVERSION = YES;
				CLANG_WARN_INFINITE_RECURSION = YES;
				CLANG_WARN_INT_CONVERSION = YES;
				CLANG_WARN_NON_LITERAL_NULL_CONVERSION = YES;
				CLANG_WARN_OBJC_LITERAL_CONVERSION = YES;
				CLANG_WARN_OBJC_ROOT_CLASS = YES_ERROR;
				CLANG_WARN_RANGE_LOOP_ANALYSIS = YES;
				CLANG_WARN_STRICT_PROTOTYPES = YES;
				CLANG_WARN_SUSPICIOUS_MOVE = YES;
				CLANG_WARN_UNGUARDED_AVAILABILITY = YES_AGGRESSIVE;
				CLANG_WARN_UNREACHABLE_CODE = YES;
				CLANG_WARN__DUPLICATE_METHOD_MATCH = YES;
				CODE_SIGN_IDENTITY = "iPhone Developer";
				COPY_PHASE_STRIP = NO;
				DEBUG_INFORMATION_FORMAT = dwarf;
				ENABLE_STRICT_OBJC_MSGSEND = YES;
				ENABLE_TESTABILITY = YES;
				GCC_C_LANGUAGE_STANDARD = gnu11;
				GCC_DYNAMIC_NO_PIC = NO;
				GCC_NO_COMMON_BLOCKS = YES;
				GCC_OPTIMIZATION_LEVEL = 0;
				GCC_PREPROCESSOR_DEFINITIONS = (
					"DEBUG=1",
					"$(inherited)",
				);
				GCC_WARN_64_TO_32_BIT_CONVERSION = YES;
				GCC_WARN_ABOUT_RETURN_TYPE = YES_ERROR;
				GCC_WARN_UNDECLARED_SELECTOR = YES;
				GCC_WARN_UNINITIALIZED_AUTOS = YES_AGGRESSIVE;
				GCC_WARN_UNUSED_FUNCTION = YES;
				GCC_WARN_UNUSED_VARIABLE = YES;
				IPHONEOS_DEPLOYMENT_TARGET = 11.2;
				MTL_ENABLE_DEBUG_INFO = YES;
				ONLY_ACTIVE_ARCH = YES;
				SDKROOT = iphoneos;
				SWIFT_ACTIVE_COMPILATION_CONDITIONS = DEBUG;
				SWIFT_OPTIMIZATION_LEVEL = "-Onone";
			};
			name = Debug;
		};
		698CD7512077604D002EA7D8 /* Release */ = {
			isa = XCBuildConfiguration;
			buildSettings = {
				ALWAYS_SEARCH_USER_PATHS = NO;
				CLANG_ANALYZER_NONNULL = YES;
				CLANG_ANALYZER_NUMBER_OBJECT_CONVERSION = YES_AGGRESSIVE;
				CLANG_CXX_LANGUAGE_STANDARD = "gnu++14";
				CLANG_CXX_LIBRARY = "libc++";
				CLANG_ENABLE_MODULES = YES;
				CLANG_ENABLE_OBJC_ARC = YES;
				CLANG_WARN_BLOCK_CAPTURE_AUTORELEASING = YES;
				CLANG_WARN_BOOL_CONVERSION = YES;
				CLANG_WARN_COMMA = YES;
				CLANG_WARN_CONSTANT_CONVERSION = YES;
				CLANG_WARN_DIRECT_OBJC_ISA_USAGE = YES_ERROR;
				CLANG_WARN_DOCUMENTATION_COMMENTS = YES;
				CLANG_WARN_EMPTY_BODY = YES;
				CLANG_WARN_ENUM_CONVERSION = YES;
				CLANG_WARN_INFINITE_RECURSION = YES;
				CLANG_WARN_INT_CONVERSION = YES;
				CLANG_WARN_NON_LITERAL_NULL_CONVERSION = YES;
				CLANG_WARN_OBJC_LITERAL_CONVERSION = YES;
				CLANG_WARN_OBJC_ROOT_CLASS = YES_ERROR;
				CLANG_WARN_RANGE_LOOP_ANALYSIS = YES;
				CLANG_WARN_STRICT_PROTOTYPES = YES;
				CLANG_WARN_SUSPICIOUS_MOVE = YES;
				CLANG_WARN_UNGUARDED_AVAILABILITY = YES_AGGRESSIVE;
				CLANG_WARN_UNREACHABLE_CODE = YES;
				CLANG_WARN__DUPLICATE_METHOD_MATCH = YES;
				CODE_SIGN_IDENTITY = "iPhone Developer";
				COPY_PHASE_STRIP = NO;
				DEBUG_INFORMATION_FORMAT = "dwarf-with-dsym";
				ENABLE_NS_ASSERTIONS = NO;
				ENABLE_STRICT_OBJC_MSGSEND = YES;
				GCC_C_LANGUAGE_STANDARD = gnu11;
				GCC_NO_COMMON_BLOCKS = YES;
				GCC_WARN_64_TO_32_BIT_CONVERSION = YES;
				GCC_WARN_ABOUT_RETURN_TYPE = YES_ERROR;
				GCC_WARN_UNDECLARED_SELECTOR = YES;
				GCC_WARN_UNINITIALIZED_AUTOS = YES_AGGRESSIVE;
				GCC_WARN_UNUSED_FUNCTION = YES;
				GCC_WARN_UNUSED_VARIABLE = YES;
				IPHONEOS_DEPLOYMENT_TARGET = 11.2;
				MTL_ENABLE_DEBUG_INFO = NO;
				SDKROOT = iphoneos;
				SWIFT_OPTIMIZATION_LEVEL = "-Owholemodule";
				VALIDATE_PRODUCT = YES;
			};
			name = Release;
		};
		698CD7532077604D002EA7D8 /* Debug */ = {
			isa = XCBuildConfiguration;
			baseConfigurationReference = 7A3C7C78B4A6AFD67EC88359 /* Pods-DSTableView.debug.xcconfig */;
			buildSettings = {
				ASSETCATALOG_COMPILER_APPICON_NAME = AppIcon;
				CODE_SIGN_STYLE = Automatic;
				DEVELOPMENT_TEAM = 375NYEUF2H;
				INFOPLIST_FILE = DSTableView/Info.plist;
				IPHONEOS_DEPLOYMENT_TARGET = 10.3;
				LD_RUNPATH_SEARCH_PATHS = "$(inherited) @executable_path/Frameworks";
				PRODUCT_BUNDLE_IDENTIFIER = com.danishuo.DSTableView;
				PRODUCT_NAME = "$(TARGET_NAME)";
				SDKROOT = iphoneos;
				SWIFT_VERSION = 4.0;
				TARGETED_DEVICE_FAMILY = "1,2";
			};
			name = Debug;
		};
		698CD7542077604D002EA7D8 /* Release */ = {
			isa = XCBuildConfiguration;
			baseConfigurationReference = 540E08461623EABA212C389D /* Pods-DSTableView.release.xcconfig */;
			buildSettings = {
				ASSETCATALOG_COMPILER_APPICON_NAME = AppIcon;
				CODE_SIGN_STYLE = Automatic;
				DEVELOPMENT_TEAM = 375NYEUF2H;
				INFOPLIST_FILE = DSTableView/Info.plist;
				IPHONEOS_DEPLOYMENT_TARGET = 10.3;
				LD_RUNPATH_SEARCH_PATHS = "$(inherited) @executable_path/Frameworks";
				PRODUCT_BUNDLE_IDENTIFIER = com.danishuo.DSTableView;
				PRODUCT_NAME = "$(TARGET_NAME)";
				SDKROOT = iphoneos;
				SWIFT_VERSION = 4.0;
				TARGETED_DEVICE_FAMILY = "1,2";
			};
			name = Release;
		};
		698CD7562077604D002EA7D8 /* Debug */ = {
			isa = XCBuildConfiguration;
			baseConfigurationReference = 9715AE86E7805E8856D36680 /* Pods-DSTableViewTests.debug.xcconfig */;
			buildSettings = {
				ALWAYS_EMBED_SWIFT_STANDARD_LIBRARIES = YES;
				BUNDLE_LOADER = "$(TEST_HOST)";
				CODE_SIGN_STYLE = Automatic;
				DEVELOPMENT_TEAM = "";
				INFOPLIST_FILE = DSTableViewTests/Info.plist;
				IPHONEOS_DEPLOYMENT_TARGET = 10.3;
				LD_RUNPATH_SEARCH_PATHS = "$(inherited) @executable_path/Frameworks @loader_path/Frameworks";
				PRODUCT_BUNDLE_IDENTIFIER = com.danishuo.DSTableViewTests;
				PRODUCT_NAME = "$(TARGET_NAME)";
				SDKROOT = iphoneos;
				SWIFT_VERSION = 4.0;
				TARGETED_DEVICE_FAMILY = "1,2";
				TEST_HOST = "$(BUILT_PRODUCTS_DIR)/DSTableView.app/DSTableView";
			};
			name = Debug;
		};
		698CD7572077604D002EA7D8 /* Release */ = {
			isa = XCBuildConfiguration;
			baseConfigurationReference = 67A858ADE8D1A7880415B802 /* Pods-DSTableViewTests.release.xcconfig */;
			buildSettings = {
				ALWAYS_EMBED_SWIFT_STANDARD_LIBRARIES = YES;
				BUNDLE_LOADER = "$(TEST_HOST)";
				CODE_SIGN_STYLE = Automatic;
				DEVELOPMENT_TEAM = "";
				INFOPLIST_FILE = DSTableViewTests/Info.plist;
				IPHONEOS_DEPLOYMENT_TARGET = 10.3;
				LD_RUNPATH_SEARCH_PATHS = "$(inherited) @executable_path/Frameworks @loader_path/Frameworks";
				PRODUCT_BUNDLE_IDENTIFIER = com.danishuo.DSTableViewTests;
				PRODUCT_NAME = "$(TARGET_NAME)";
				SDKROOT = iphoneos;
				SWIFT_VERSION = 4.0;
				TARGETED_DEVICE_FAMILY = "1,2";
				TEST_HOST = "$(BUILT_PRODUCTS_DIR)/DSTableView.app/DSTableView";
			};
			name = Release;
		};
		698CD7592077604D002EA7D8 /* Debug */ = {
			isa = XCBuildConfiguration;
			baseConfigurationReference = 587E284D0D77EA174C6D8221 /* Pods-DSTableViewUITests.debug.xcconfig */;
			buildSettings = {
				ALWAYS_EMBED_SWIFT_STANDARD_LIBRARIES = YES;
				CODE_SIGN_STYLE = Automatic;
				INFOPLIST_FILE = DSTableViewUITests/Info.plist;
				LD_RUNPATH_SEARCH_PATHS = "$(inherited) @executable_path/Frameworks @loader_path/Frameworks";
				PRODUCT_BUNDLE_IDENTIFIER = com.danishuo.DSTableViewUITests;
				PRODUCT_NAME = "$(TARGET_NAME)";
				SWIFT_VERSION = 4.0;
				TARGETED_DEVICE_FAMILY = "1,2";
				TEST_TARGET_NAME = DSTableView;
			};
			name = Debug;
		};
		698CD75A2077604D002EA7D8 /* Release */ = {
			isa = XCBuildConfiguration;
			baseConfigurationReference = 96F71FAD51C7D6C0A7058784 /* Pods-DSTableViewUITests.release.xcconfig */;
			buildSettings = {
				ALWAYS_EMBED_SWIFT_STANDARD_LIBRARIES = YES;
				CODE_SIGN_STYLE = Automatic;
				INFOPLIST_FILE = DSTableViewUITests/Info.plist;
				LD_RUNPATH_SEARCH_PATHS = "$(inherited) @executable_path/Frameworks @loader_path/Frameworks";
				PRODUCT_BUNDLE_IDENTIFIER = com.danishuo.DSTableViewUITests;
				PRODUCT_NAME = "$(TARGET_NAME)";
				SWIFT_VERSION = 4.0;
				TARGETED_DEVICE_FAMILY = "1,2";
				TEST_TARGET_NAME = DSTableView;
			};
			name = Release;
		};
/* End XCBuildConfiguration section */

/* Begin XCConfigurationList section */
		698CD7252077604D002EA7D8 /* Build configuration list for PBXProject "DSTableView" */ = {
			isa = XCConfigurationList;
			buildConfigurations = (
				698CD7502077604D002EA7D8 /* Debug */,
				698CD7512077604D002EA7D8 /* Release */,
			);
			defaultConfigurationIsVisible = 0;
			defaultConfigurationName = Release;
		};
		698CD7522077604D002EA7D8 /* Build configuration list for PBXNativeTarget "DSTableView" */ = {
			isa = XCConfigurationList;
			buildConfigurations = (
				698CD7532077604D002EA7D8 /* Debug */,
				698CD7542077604D002EA7D8 /* Release */,
			);
			defaultConfigurationIsVisible = 0;
			defaultConfigurationName = Release;
		};
		698CD7552077604D002EA7D8 /* Build configuration list for PBXNativeTarget "DSTableViewTests" */ = {
			isa = XCConfigurationList;
			buildConfigurations = (
				698CD7562077604D002EA7D8 /* Debug */,
				698CD7572077604D002EA7D8 /* Release */,
			);
			defaultConfigurationIsVisible = 0;
			defaultConfigurationName = Release;
		};
		698CD7582077604D002EA7D8 /* Build configuration list for PBXNativeTarget "DSTableViewUITests" */ = {
			isa = XCConfigurationList;
			buildConfigurations = (
				698CD7592077604D002EA7D8 /* Debug */,
				698CD75A2077604D002EA7D8 /* Release */,
			);
			defaultConfigurationIsVisible = 0;
			defaultConfigurationName = Release;
		};
/* End XCConfigurationList section */
	};
	rootObject = 698CD7222077604D002EA7D8 /* Project object */;
}
